
Microsoft Visual Studio Solution File, Format Version 12.00
# Visual Studio Version 16
VisualStudioVersion = 16.0.31229.75
MinimumVisualStudioVersion = 10.0.40219.1
Project("{FAE04EC0-301F-11D3-BF4B-00C04F79EFBC}") = "DAI.ModMaker", "DAI.ModMaker\DAI.ModMaker.csproj", "{BA384A90-349B-405C-882E-A3CAAED5A7DF}"
EndProject
Project("{FAE04EC0-301F-11D3-BF4B-00C04F79EFBC}") = "DAI.AssetLibrary", "DAI.AssetLibrary\DAI.AssetLibrary.csproj", "{41C653CA-5795-4144-B7A4-8C8D3C732470}"
EndProject
Project("{FAE04EC0-301F-11D3-BF4B-00C04F79EFBC}") = "DAI.FrostbiteAssets", "DAI.FrostbiteAssets\DAI.FrostbiteAssets.csproj", "{2556553E-1461-49EA-8A0B-4DF654F2BD98}"
EndProject
Global
	GlobalSection(SolutionConfigurationPlatforms) = preSolution
		Debug|Any CPU = Debug|Any CPU
		Debug|x86 = Debug|x86
		Release|Any CPU = Release|Any CPU
		Release|x86 = Release|x86
	EndGlobalSection
	GlobalSection(ProjectConfigurationPlatforms) = postSolution
		{BA384A90-349B-405C-882E-A3CAAED5A7DF}.Debug|Any CPU.ActiveCfg = Debug|x86
		{BA384A90-349B-405C-882E-A3CAAED5A7DF}.Debug|Any CPU.Build.0 = Debug|x86
		{BA384A90-349B-405C-882E-A3CAAED5A7DF}.Debug|x86.ActiveCfg = Debug|x86
		{BA384A90-349B-405C-882E-A3CAAED5A7DF}.Debug|x86.Build.0 = Debug|x86
		{BA384A90-349B-405C-882E-A3CAAED5A7DF}.Release|Any CPU.ActiveCfg = Release|Any CPU
		{BA384A90-349B-405C-882E-A3CAAED5A7DF}.Release|Any CPU.Build.0 = Release|Any CPU
		{BA384A90-349B-405C-882E-A3CAAED5A7DF}.Release|x86.ActiveCfg = Release|x86
		{BA384A90-349B-405C-882E-A3CAAED5A7DF}.Release|x86.Build.0 = Release|x86
		{41C653CA-5795-4144-B7A4-8C8D3C732470}.Debug|Any CPU.ActiveCfg = Debug|x86
		{41C653CA-5795-4144-B7A4-8C8D3C732470}.Debug|Any CPU.Build.0 = Debug|x86
		{41C653CA-5795-4144-B7A4-8C8D3C732470}.Debug|x86.ActiveCfg = Debug|x86
		{41C653CA-5795-4144-B7A4-8C8D3C732470}.Debug|x86.Build.0 = Debug|x86
		{41C653CA-5795-4144-B7A4-8C8D3C732470}.Release|Any CPU.ActiveCfg = Release|Any CPU
		{41C653CA-5795-4144-B7A4-8C8D3C732470}.Release|Any CPU.Build.0 = Release|Any CPU
		{41C653CA-5795-4144-B7A4-8C8D3C732470}.Release|x86.ActiveCfg = Release|x86
		{41C653CA-5795-4144-B7A4-8C8D3C732470}.Release|x86.Build.0 = Release|x86
		{2556553E-1461-49EA-8A0B-4DF654F2BD98}.Debug|Any CPU.ActiveCfg = Debug|x86
		{2556553E-1461-49EA-8A0B-4DF654F2BD98}.Debug|Any CPU.Build.0 = Debug|x86
		{2556553E-1461-49EA-8A0B-4DF654F2BD98}.Debug|x86.ActiveCfg = Debug|x86
		{2556553E-1461-49EA-8A0B-4DF654F2BD98}.Debug|x86.Build.0 = Debug|x86
		{2556553E-1461-49EA-8A0B-4DF654F2BD98}.Release|Any CPU.ActiveCfg = Release|Any CPU
		{2556553E-1461-49EA-8A0B-4DF654F2BD98}.Release|Any CPU.Build.0 = Release|Any CPU
		{2556553E-1461-49EA-8A0B-4DF654F2BD98}.Release|x86.ActiveCfg = Release|x86
		{2556553E-1461-49EA-8A0B-4DF654F2BD98}.Release|x86.Build.0 = Release|x86
	EndGlobalSection
	GlobalSection(SolutionProperties) = preSolution
		HideSolutionNode = FALSE
	EndGlobalSection
	GlobalSection(ExtensibilityGlobals) = postSolution
		SolutionGuid = {722EA195-ABB9-46D5-A465-9AC9DF29D22A}
	EndGlobalSection
EndGlobal
