
Microsoft Visual Studio Solution File, Format Version 12.00
# Visual Studio Version 16
VisualStudioVersion = 16.0.31229.75
MinimumVisualStudioVersion = 10.0.40219.1
Project("{FAE04EC0-301F-11D3-BF4B-00C04F79EFBC}") = "DAI.Mod.Maker", "DAI.Mod.Maker\DAI.Mod.Maker.csproj", "{BA384A90-349B-405C-882E-A3CAAED5A7DF}"
EndProject
Project("{FAE04EC0-301F-11D3-BF4B-00C04F79EFBC}") = "DAI.AssetLibrary", "DAI.AssetLibrary\DAI.AssetLibrary.csproj", "{41C653CA-5795-4144-B7A4-8C8D3C732470}"
EndProject
Project("{FAE04EC0-301F-11D3-BF4B-00C04F79EFBC}") = "DAI.FrostbiteAssets", "DAI.FrostbiteAssets\DAI.FrostbiteAssets.csproj", "{2556553E-1461-49EA-8A0B-4DF654F2BD98}"
EndProject
Project("{2150E333-8FDC-42A3-9474-1A3956D46DE8}") = "RoslynPad", "RoslynPad", "{8C1ABC19-634B-4097-A696-96C6FF98C9C9}"
EndProject
Project("{FAE04EC0-301F-11D3-BF4B-00C04F79EFBC}") = "Extensions", "Extensions\Extensions.csproj", "{7208E169-0496-4B89-B7C9-2AC5AE553E77}"
EndProject
Project("{FAE04EC0-301F-11D3-BF4B-00C04F79EFBC}") = "RoslynPad.Roslyn.Windows", "RoslynPad.Roslyn.Windows\RoslynPad.Roslyn.Windows.csproj", "{B1FA28E5-A94D-4A8E-BA15-CBEA91ED8EF4}"
EndProject
Project("{FAE04EC0-301F-11D3-BF4B-00C04F79EFBC}") = "RoslynPad.Editor.Windows", "RoslynPad.Editor.Windows\RoslynPad.Editor.Windows.csproj", "{9DC5B868-5412-40FF-B956-7D65C794C423}"
EndProject
Project("{9A19103F-16F7-4668-BE54-9A1E7A4F7556}") = "RoslynPad.Roslyn", "RoslynPan.Roslyn\RoslynPad.Roslyn.csproj", "{AF8E31D3-FA5C-4BE9-AC29-E161120D8583}"
EndProject
Project("{9A19103F-16F7-4668-BE54-9A1E7A4F7556}") = "RoslynPad.Runtime", "RoslynPad.Runtime\RoslynPad.Runtime.csproj", "{22CE2EFC-3069-41A8-AEAD-116B99287303}"
EndProject
Project("{9A19103F-16F7-4668-BE54-9A1E7A4F7556}") = "RoslynPad.Runtime.Compat50", "RoslynPad.Runtime.Compat50\RoslynPad.Runtime.Compat50.csproj", "{62B68D5E-4BEE-4BBD-B940-D23F52D8471E}"
EndProject
Project("{FAE04EC0-301F-11D3-BF4B-00C04F79EFBC}") = "RoslynPad.Common.UI", "RoslynPad.Common.UI\RoslynPad.Common.UI.csproj", "{806B451F-7AE9-4420-81E5-4F6E39DC2373}"
EndProject
Project("{FAE04EC0-301F-11D3-BF4B-00C04F79EFBC}") = "RoslynPad.Build", "RoslynPad.Build\RoslynPad.Build.csproj", "{F08FAE8E-9243-403A-8AEF-0459EA179EA6}"
EndProject
Project("{FAE04EC0-301F-11D3-BF4B-00C04F79EFBC}") = "DAI.Mod.Manager", "DAI.Mod.Manager\DAI.Mod.Manager.csproj", "{6BB0DB65-DA63-46F4-9D1D-35A20C8300E6}"
EndProject
Project("{2150E333-8FDC-42A3-9474-1A3956D46DE8}") = "DAI", "DAI", "{AD19271A-BB96-47B4-9A24-D24840047C9E}"
EndProject
Project("{D954291E-2A0B-460D-934E-DC6B0785DB48}") = "DAI.Shared", "DAI.Shared\DAI.Shared.shproj", "{F69F5AE7-BFB8-43C9-81D7-A11B4176BE07}"
EndProject
Global
	GlobalSection(SharedMSBuildProjectFiles) = preSolution
		DAI.Shared\DAI.Shared.projitems*{f69f5ae7-bfb8-43c9-81d7-a11b4176be07}*SharedItemsImports = 13
	EndGlobalSection
	GlobalSection(SolutionConfigurationPlatforms) = preSolution
		Debug|Any CPU = Debug|Any CPU
		Debug|x86 = Debug|x86
		Release|Any CPU = Release|Any CPU
		Release|x86 = Release|x86
	EndGlobalSection
	GlobalSection(ProjectConfigurationPlatforms) = postSolution
		{BA384A90-349B-405C-882E-A3CAAED5A7DF}.Debug|Any CPU.ActiveCfg = Debug|x86
		{BA384A90-349B-405C-882E-A3CAAED5A7DF}.Debug|Any CPU.Build.0 = Debug|x86
		{BA384A90-349B-405C-882E-A3CAAED5A7DF}.Debug|x86.ActiveCfg = Debug|x86
		{BA384A90-349B-405C-882E-A3CAAED5A7DF}.Debug|x86.Build.0 = Debug|x86
		{BA384A90-349B-405C-882E-A3CAAED5A7DF}.Release|Any CPU.ActiveCfg = Release|Any CPU
		{BA384A90-349B-405C-882E-A3CAAED5A7DF}.Release|Any CPU.Build.0 = Release|Any CPU
		{BA384A90-349B-405C-882E-A3CAAED5A7DF}.Release|x86.ActiveCfg = Release|x86
		{BA384A90-349B-405C-882E-A3CAAED5A7DF}.Release|x86.Build.0 = Release|x86
		{41C653CA-5795-4144-B7A4-8C8D3C732470}.Debug|Any CPU.ActiveCfg = Debug|x86
		{41C653CA-5795-4144-B7A4-8C8D3C732470}.Debug|Any CPU.Build.0 = Debug|x86
		{41C653CA-5795-4144-B7A4-8C8D3C732470}.Debug|x86.ActiveCfg = Debug|x86
		{41C653CA-5795-4144-B7A4-8C8D3C732470}.Debug|x86.Build.0 = Debug|x86
		{41C653CA-5795-4144-B7A4-8C8D3C732470}.Release|Any CPU.ActiveCfg = Release|Any CPU
		{41C653CA-5795-4144-B7A4-8C8D3C732470}.Release|Any CPU.Build.0 = Release|Any CPU
		{41C653CA-5795-4144-B7A4-8C8D3C732470}.Release|x86.ActiveCfg = Release|x86
		{41C653CA-5795-4144-B7A4-8C8D3C732470}.Release|x86.Build.0 = Release|x86
		{2556553E-1461-49EA-8A0B-4DF654F2BD98}.Debug|Any CPU.ActiveCfg = Debug|x86
		{2556553E-1461-49EA-8A0B-4DF654F2BD98}.Debug|Any CPU.Build.0 = Debug|x86
		{2556553E-1461-49EA-8A0B-4DF654F2BD98}.Debug|x86.ActiveCfg = Debug|x86
		{2556553E-1461-49EA-8A0B-4DF654F2BD98}.Debug|x86.Build.0 = Debug|x86
		{2556553E-1461-49EA-8A0B-4DF654F2BD98}.Release|Any CPU.ActiveCfg = Release|Any CPU
		{2556553E-1461-49EA-8A0B-4DF654F2BD98}.Release|Any CPU.Build.0 = Release|Any CPU
		{2556553E-1461-49EA-8A0B-4DF654F2BD98}.Release|x86.ActiveCfg = Release|x86
		{2556553E-1461-49EA-8A0B-4DF654F2BD98}.Release|x86.Build.0 = Release|x86
		{7208E169-0496-4B89-B7C9-2AC5AE553E77}.Debug|Any CPU.ActiveCfg = Debug|Any CPU
		{7208E169-0496-4B89-B7C9-2AC5AE553E77}.Debug|Any CPU.Build.0 = Debug|Any CPU
		{7208E169-0496-4B89-B7C9-2AC5AE553E77}.Debug|x86.ActiveCfg = Debug|x86
		{7208E169-0496-4B89-B7C9-2AC5AE553E77}.Debug|x86.Build.0 = Debug|x86
		{7208E169-0496-4B89-B7C9-2AC5AE553E77}.Release|Any CPU.ActiveCfg = Release|Any CPU
		{7208E169-0496-4B89-B7C9-2AC5AE553E77}.Release|Any CPU.Build.0 = Release|Any CPU
		{7208E169-0496-4B89-B7C9-2AC5AE553E77}.Release|x86.ActiveCfg = Release|Any CPU
		{7208E169-0496-4B89-B7C9-2AC5AE553E77}.Release|x86.Build.0 = Release|Any CPU
		{B1FA28E5-A94D-4A8E-BA15-CBEA91ED8EF4}.Debug|Any CPU.ActiveCfg = Debug|Any CPU
		{B1FA28E5-A94D-4A8E-BA15-CBEA91ED8EF4}.Debug|Any CPU.Build.0 = Debug|Any CPU
		{B1FA28E5-A94D-4A8E-BA15-CBEA91ED8EF4}.Debug|x86.ActiveCfg = Debug|x86
		{B1FA28E5-A94D-4A8E-BA15-CBEA91ED8EF4}.Debug|x86.Build.0 = Debug|x86
		{B1FA28E5-A94D-4A8E-BA15-CBEA91ED8EF4}.Release|Any CPU.ActiveCfg = Release|Any CPU
		{B1FA28E5-A94D-4A8E-BA15-CBEA91ED8EF4}.Release|Any CPU.Build.0 = Release|Any CPU
		{B1FA28E5-A94D-4A8E-BA15-CBEA91ED8EF4}.Release|x86.ActiveCfg = Release|Any CPU
		{B1FA28E5-A94D-4A8E-BA15-CBEA91ED8EF4}.Release|x86.Build.0 = Release|Any CPU
		{9DC5B868-5412-40FF-B956-7D65C794C423}.Debug|Any CPU.ActiveCfg = Debug|Any CPU
		{9DC5B868-5412-40FF-B956-7D65C794C423}.Debug|Any CPU.Build.0 = Debug|Any CPU
		{9DC5B868-5412-40FF-B956-7D65C794C423}.Debug|x86.ActiveCfg = Debug|x86
		{9DC5B868-5412-40FF-B956-7D65C794C423}.Debug|x86.Build.0 = Debug|x86
		{9DC5B868-5412-40FF-B956-7D65C794C423}.Release|Any CPU.ActiveCfg = Release|Any CPU
		{9DC5B868-5412-40FF-B956-7D65C794C423}.Release|Any CPU.Build.0 = Release|Any CPU
		{9DC5B868-5412-40FF-B956-7D65C794C423}.Release|x86.ActiveCfg = Release|Any CPU
		{9DC5B868-5412-40FF-B956-7D65C794C423}.Release|x86.Build.0 = Release|Any CPU
		{AF8E31D3-FA5C-4BE9-AC29-E161120D8583}.Debug|Any CPU.ActiveCfg = Debug|Any CPU
		{AF8E31D3-FA5C-4BE9-AC29-E161120D8583}.Debug|Any CPU.Build.0 = Debug|Any CPU
		{AF8E31D3-FA5C-4BE9-AC29-E161120D8583}.Debug|x86.ActiveCfg = Debug|x86
		{AF8E31D3-FA5C-4BE9-AC29-E161120D8583}.Debug|x86.Build.0 = Debug|x86
		{AF8E31D3-FA5C-4BE9-AC29-E161120D8583}.Release|Any CPU.ActiveCfg = Release|Any CPU
		{AF8E31D3-FA5C-4BE9-AC29-E161120D8583}.Release|Any CPU.Build.0 = Release|Any CPU
		{AF8E31D3-FA5C-4BE9-AC29-E161120D8583}.Release|x86.ActiveCfg = Release|Any CPU
		{AF8E31D3-FA5C-4BE9-AC29-E161120D8583}.Release|x86.Build.0 = Release|Any CPU
		{22CE2EFC-3069-41A8-AEAD-116B99287303}.Debug|Any CPU.ActiveCfg = Debug|Any CPU
		{22CE2EFC-3069-41A8-AEAD-116B99287303}.Debug|Any CPU.Build.0 = Debug|Any CPU
		{22CE2EFC-3069-41A8-AEAD-116B99287303}.Debug|x86.ActiveCfg = Debug|x86
		{22CE2EFC-3069-41A8-AEAD-116B99287303}.Debug|x86.Build.0 = Debug|x86
		{22CE2EFC-3069-41A8-AEAD-116B99287303}.Release|Any CPU.ActiveCfg = Release|Any CPU
		{22CE2EFC-3069-41A8-AEAD-116B99287303}.Release|Any CPU.Build.0 = Release|Any CPU
		{22CE2EFC-3069-41A8-AEAD-116B99287303}.Release|x86.ActiveCfg = Release|Any CPU
		{22CE2EFC-3069-41A8-AEAD-116B99287303}.Release|x86.Build.0 = Release|Any CPU
		{62B68D5E-4BEE-4BBD-B940-D23F52D8471E}.Debug|Any CPU.ActiveCfg = Debug|Any CPU
		{62B68D5E-4BEE-4BBD-B940-D23F52D8471E}.Debug|Any CPU.Build.0 = Debug|Any CPU
		{62B68D5E-4BEE-4BBD-B940-D23F52D8471E}.Debug|x86.ActiveCfg = Debug|x86
		{62B68D5E-4BEE-4BBD-B940-D23F52D8471E}.Debug|x86.Build.0 = Debug|x86
		{62B68D5E-4BEE-4BBD-B940-D23F52D8471E}.Release|Any CPU.ActiveCfg = Release|Any CPU
		{62B68D5E-4BEE-4BBD-B940-D23F52D8471E}.Release|Any CPU.Build.0 = Release|Any CPU
		{62B68D5E-4BEE-4BBD-B940-D23F52D8471E}.Release|x86.ActiveCfg = Release|Any CPU
		{62B68D5E-4BEE-4BBD-B940-D23F52D8471E}.Release|x86.Build.0 = Release|Any CPU
		{806B451F-7AE9-4420-81E5-4F6E39DC2373}.Debug|Any CPU.ActiveCfg = Debug|Any CPU
		{806B451F-7AE9-4420-81E5-4F6E39DC2373}.Debug|Any CPU.Build.0 = Debug|Any CPU
		{806B451F-7AE9-4420-81E5-4F6E39DC2373}.Debug|x86.ActiveCfg = Debug|x86
		{806B451F-7AE9-4420-81E5-4F6E39DC2373}.Debug|x86.Build.0 = Debug|x86
		{806B451F-7AE9-4420-81E5-4F6E39DC2373}.Release|Any CPU.ActiveCfg = Release|Any CPU
		{806B451F-7AE9-4420-81E5-4F6E39DC2373}.Release|Any CPU.Build.0 = Release|Any CPU
		{806B451F-7AE9-4420-81E5-4F6E39DC2373}.Release|x86.ActiveCfg = Release|Any CPU
		{806B451F-7AE9-4420-81E5-4F6E39DC2373}.Release|x86.Build.0 = Release|Any CPU
		{F08FAE8E-9243-403A-8AEF-0459EA179EA6}.Debug|Any CPU.ActiveCfg = Debug|Any CPU
		{F08FAE8E-9243-403A-8AEF-0459EA179EA6}.Debug|Any CPU.Build.0 = Debug|Any CPU
		{F08FAE8E-9243-403A-8AEF-0459EA179EA6}.Debug|x86.ActiveCfg = Debug|x86
		{F08FAE8E-9243-403A-8AEF-0459EA179EA6}.Debug|x86.Build.0 = Debug|x86
		{F08FAE8E-9243-403A-8AEF-0459EA179EA6}.Release|Any CPU.ActiveCfg = Release|Any CPU
		{F08FAE8E-9243-403A-8AEF-0459EA179EA6}.Release|Any CPU.Build.0 = Release|Any CPU
		{F08FAE8E-9243-403A-8AEF-0459EA179EA6}.Release|x86.ActiveCfg = Release|Any CPU
		{F08FAE8E-9243-403A-8AEF-0459EA179EA6}.Release|x86.Build.0 = Release|Any CPU
		{6BB0DB65-DA63-46F4-9D1D-35A20C8300E6}.Debug|Any CPU.ActiveCfg = Debug|Any CPU
		{6BB0DB65-DA63-46F4-9D1D-35A20C8300E6}.Debug|Any CPU.Build.0 = Debug|Any CPU
		{6BB0DB65-DA63-46F4-9D1D-35A20C8300E6}.Debug|x86.ActiveCfg = Debug|Any CPU
		{6BB0DB65-DA63-46F4-9D1D-35A20C8300E6}.Debug|x86.Build.0 = Debug|Any CPU
		{6BB0DB65-DA63-46F4-9D1D-35A20C8300E6}.Release|Any CPU.ActiveCfg = Release|Any CPU
		{6BB0DB65-DA63-46F4-9D1D-35A20C8300E6}.Release|Any CPU.Build.0 = Release|Any CPU
		{6BB0DB65-DA63-46F4-9D1D-35A20C8300E6}.Release|x86.ActiveCfg = Release|Any CPU
		{6BB0DB65-DA63-46F4-9D1D-35A20C8300E6}.Release|x86.Build.0 = Release|Any CPU
	EndGlobalSection
	GlobalSection(SolutionProperties) = preSolution
		HideSolutionNode = FALSE
	EndGlobalSection
	GlobalSection(NestedProjects) = preSolution
		{BA384A90-349B-405C-882E-A3CAAED5A7DF} = {AD19271A-BB96-47B4-9A24-D24840047C9E}
		{41C653CA-5795-4144-B7A4-8C8D3C732470} = {AD19271A-BB96-47B4-9A24-D24840047C9E}
		{2556553E-1461-49EA-8A0B-4DF654F2BD98} = {AD19271A-BB96-47B4-9A24-D24840047C9E}
		{B1FA28E5-A94D-4A8E-BA15-CBEA91ED8EF4} = {8C1ABC19-634B-4097-A696-96C6FF98C9C9}
		{9DC5B868-5412-40FF-B956-7D65C794C423} = {8C1ABC19-634B-4097-A696-96C6FF98C9C9}
		{AF8E31D3-FA5C-4BE9-AC29-E161120D8583} = {8C1ABC19-634B-4097-A696-96C6FF98C9C9}
		{22CE2EFC-3069-41A8-AEAD-116B99287303} = {8C1ABC19-634B-4097-A696-96C6FF98C9C9}
		{62B68D5E-4BEE-4BBD-B940-D23F52D8471E} = {8C1ABC19-634B-4097-A696-96C6FF98C9C9}
		{806B451F-7AE9-4420-81E5-4F6E39DC2373} = {8C1ABC19-634B-4097-A696-96C6FF98C9C9}
		{F08FAE8E-9243-403A-8AEF-0459EA179EA6} = {8C1ABC19-634B-4097-A696-96C6FF98C9C9}
		{6BB0DB65-DA63-46F4-9D1D-35A20C8300E6} = {AD19271A-BB96-47B4-9A24-D24840047C9E}
		{F69F5AE7-BFB8-43C9-81D7-A11B4176BE07} = {AD19271A-BB96-47B4-9A24-D24840047C9E}
	EndGlobalSection
	GlobalSection(ExtensibilityGlobals) = postSolution
		SolutionGuid = {722EA195-ABB9-46D5-A465-9AC9DF29D22A}
	EndGlobalSection
EndGlobal
